
Microsoft Visual Studio Solution File, Format Version 12.00
# Visual Studio Version 17
VisualStudioVersion = 17.7.33711.374
MinimumVisualStudioVersion = 10.0.40219.1
Project("{9A19103F-16F7-4668-BE54-9A1E7A4F7556}") = "DrawnTableControl", "DrawnTableControl\DrawnTableControl.csproj", "{15800D3F-0914-4931-AE03-E6B51A209373}"
EndProject
Project("{9A19103F-16F7-4668-BE54-9A1E7A4F7556}") = "DrawnTableControl.Demo", "DrawnTableControl.Demo\DrawnTableControl.Demo.csproj", "{92A4A665-B470-49F1-97FF-EF47DD909C1C}"
EndProject
Project("{2150E333-8FDC-42A3-9474-1A3956D46DE8}") = "Solution Items", "Solution Items", "{E497F0B9-6340-4C1D-86D5-49C388AB7C4C}"
	ProjectSection(SolutionItems) = preProject
		.editorconfig = .editorconfig
		.github\workflows\publish.yml = .github\workflows\publish.yml
	EndProjectSection
EndProject
Project("{2150E333-8FDC-42A3-9474-1A3956D46DE8}") = "workflows", "workflows", "{7003C9AE-7A8E-4AC0-A871-059ADDA4D845}"
	ProjectSection(SolutionItems) = preProject
		.github\workflows\build.yml = .github\workflows\build.yml
		.github\workflows\publish.yml = .github\workflows\publish.yml
	EndProjectSection
EndProject
Global
	GlobalSection(SolutionConfigurationPlatforms) = preSolution
		Debug|Any CPU = Debug|Any CPU
		Release|Any CPU = Release|Any CPU
	EndGlobalSection
	GlobalSection(ProjectConfigurationPlatforms) = postSolution
		{15800D3F-0914-4931-AE03-E6B51A209373}.Debug|Any CPU.ActiveCfg = Debug|Any CPU
		{15800D3F-0914-4931-AE03-E6B51A209373}.Debug|Any CPU.Build.0 = Debug|Any CPU
		{15800D3F-0914-4931-AE03-E6B51A209373}.Release|Any CPU.ActiveCfg = Release|Any CPU
		{15800D3F-0914-4931-AE03-E6B51A209373}.Release|Any CPU.Build.0 = Release|Any CPU
		{92A4A665-B470-49F1-97FF-EF47DD909C1C}.Debug|Any CPU.ActiveCfg = Debug|Any CPU
		{92A4A665-B470-49F1-97FF-EF47DD909C1C}.Debug|Any CPU.Build.0 = Debug|Any CPU
		{92A4A665-B470-49F1-97FF-EF47DD909C1C}.Release|Any CPU.ActiveCfg = Release|Any CPU
		{92A4A665-B470-49F1-97FF-EF47DD909C1C}.Release|Any CPU.Build.0 = Release|Any CPU
	EndGlobalSection
	GlobalSection(SolutionProperties) = preSolution
		HideSolutionNode = FALSE
	EndGlobalSection
	GlobalSection(NestedProjects) = preSolution
		{7003C9AE-7A8E-4AC0-A871-059ADDA4D845} = {E497F0B9-6340-4C1D-86D5-49C388AB7C4C}
	EndGlobalSection
	GlobalSection(ExtensibilityGlobals) = postSolution
		SolutionGuid = {C970B1A1-AD09-442D-9A68-B37F11674778}
	EndGlobalSection
EndGlobal
