
Microsoft Visual Studio Solution File, Format Version 12.00
# Visual Studio Version 16
VisualStudioVersion = 16.0.31005.135
MinimumVisualStudioVersion = 10.0.40219.1
Project("{FAE04EC0-301F-11D3-BF4B-00C04F79EFBC}") = "DrawnTableControl", "DrawnTableControl\DrawnTableControl.csproj", "{15800D3F-0914-4931-AE03-E6B51A209373}"
EndProject
Project("{FAE04EC0-301F-11D3-BF4B-00C04F79EFBC}") = "DrawnTableControl.Demo", "DrawnTableControl.Demo\DrawnTableControl.Demo.csproj", "{92A4A665-B470-49F1-97FF-EF47DD909C1C}"
EndProject
Global
	GlobalSection(SolutionConfigurationPlatforms) = preSolution
		Debug|Any CPU = Debug|Any CPU
		Release|Any CPU = Release|Any CPU
	EndGlobalSection
	GlobalSection(ProjectConfigurationPlatforms) = postSolution
		{15800D3F-0914-4931-AE03-E6B51A209373}.Debug|Any CPU.ActiveCfg = Debug|Any CPU
		{15800D3F-0914-4931-AE03-E6B51A209373}.Debug|Any CPU.Build.0 = Debug|Any CPU
		{15800D3F-0914-4931-AE03-E6B51A209373}.Release|Any CPU.ActiveCfg = Release|Any CPU
		{15800D3F-0914-4931-AE03-E6B51A209373}.Release|Any CPU.Build.0 = Release|Any CPU
		{92A4A665-B470-49F1-97FF-EF47DD909C1C}.Debug|Any CPU.ActiveCfg = Debug|Any CPU
		{92A4A665-B470-49F1-97FF-EF47DD909C1C}.Debug|Any CPU.Build.0 = Debug|Any CPU
		{92A4A665-B470-49F1-97FF-EF47DD909C1C}.Release|Any CPU.ActiveCfg = Release|Any CPU
		{92A4A665-B470-49F1-97FF-EF47DD909C1C}.Release|Any CPU.Build.0 = Release|Any CPU
	EndGlobalSection
	GlobalSection(SolutionProperties) = preSolution
		HideSolutionNode = FALSE
	EndGlobalSection
	GlobalSection(ExtensibilityGlobals) = postSolution
		SolutionGuid = {C970B1A1-AD09-442D-9A68-B37F11674778}
	EndGlobalSection
EndGlobal
